# Code generated by scarb DO NOT EDIT.
version = 1

[[package]]
name = "alexandria_storage"
version = "0.2.0"
source = "git+https://github.com/keep-starknet-strange/alexandria.git?tag=cairo-v2.3.0-rc0#ae1d5149ff601a7ac5b39edc867d33ebd83d7f4f"

[[package]]
name = "contracts"
version = "0.1.0"
dependencies = [
 "alexandria_storage",
 "openzeppelin",
]

[[package]]
name = "openzeppelin"
version = "0.8.0"
source = "git+https://github.com/OpenZeppelin/cairo-contracts.git?tag=v0.8.0#6ab91b5cf57d6a7d02f2d5c5abfc7b5712bc8e47"
